
Microsoft Visual Studio Solution File, Format Version 12.00
# Visual Studio Version 17
VisualStudioVersion = 17.7.34024.191
MinimumVisualStudioVersion = 10.0.40219.1
Project("{9A19103F-16F7-4668-BE54-9A1E7A4F7556}") = "clase 3", "clase 3\clase 3.csproj", "{56B540E1-8EE8-44FD-8A01-CB9FA5F4A872}"
EndProject
Global
	GlobalSection(SolutionConfigurationPlatforms) = preSolution
		Debug|Any CPU = Debug|Any CPU
		Release|Any CPU = Release|Any CPU
	EndGlobalSection
	GlobalSection(ProjectConfigurationPlatforms) = postSolution
		{56B540E1-8EE8-44FD-8A01-CB9FA5F4A872}.Debug|Any CPU.ActiveCfg = Debug|Any CPU
		{56B540E1-8EE8-44FD-8A01-CB9FA5F4A872}.Debug|Any CPU.Build.0 = Debug|Any CPU
		{56B540E1-8EE8-44FD-8A01-CB9FA5F4A872}.Release|Any CPU.ActiveCfg = Release|Any CPU
		{56B540E1-8EE8-44FD-8A01-CB9FA5F4A872}.Release|Any CPU.Build.0 = Release|Any CPU
	EndGlobalSection
	GlobalSection(SolutionProperties) = preSolution
		HideSolutionNode = FALSE
	EndGlobalSection
	GlobalSection(ExtensibilityGlobals) = postSolution
		SolutionGuid = {347A5612-7644-4377-B1BD-D1EA4811AC08}
	EndGlobalSection
EndGlobal
